
Microsoft Visual Studio Solution File, Format Version 12.00
# Visual Studio Version 17
VisualStudioVersion = 17.5.33530.505
MinimumVisualStudioVersion = 10.0.40219.1
Project("{FAE04EC0-301F-11D3-BF4B-00C04F79EFBC}") = "game", "game\game.csproj", "{3F36D5B3-DE49-4D44-9CB0-2A69EAF4E4CD}"
EndProject
Global
	GlobalSection(SolutionConfigurationPlatforms) = preSolution
		Debug|Any CPU = Debug|Any CPU
		Release|Any CPU = Release|Any CPU
	EndGlobalSection
	GlobalSection(ProjectConfigurationPlatforms) = postSolution
		{3F36D5B3-DE49-4D44-9CB0-2A69EAF4E4CD}.Debug|Any CPU.ActiveCfg = Debug|Any CPU
		{3F36D5B3-DE49-4D44-9CB0-2A69EAF4E4CD}.Debug|Any CPU.Build.0 = Debug|Any CPU
		{3F36D5B3-DE49-4D44-9CB0-2A69EAF4E4CD}.Release|Any CPU.ActiveCfg = Release|Any CPU
		{3F36D5B3-DE49-4D44-9CB0-2A69EAF4E4CD}.Release|Any CPU.Build.0 = Release|Any CPU
	EndGlobalSection
	GlobalSection(SolutionProperties) = preSolution
		HideSolutionNode = FALSE
	EndGlobalSection
	GlobalSection(ExtensibilityGlobals) = postSolution
		SolutionGuid = {C1D9E68A-3C77-4490-809A-9CE0A6BCB6B8}
	EndGlobalSection
EndGlobal
